
Microsoft Visual Studio Solution File, Format Version 12.00
# Visual Studio Version 16
VisualStudioVersion = 16.0.29709.97
MinimumVisualStudioVersion = 10.0.40219.1
Project("{FAE04EC0-301F-11D3-BF4B-00C04F79EFBC}") = "SmartPantryApp", "SmartPantryApp\SmartPantryApp.csproj", "{2C7AC4CD-FE88-4C13-AF6E-9589F2F104F3}"
EndProject
Global
	GlobalSection(SolutionConfigurationPlatforms) = preSolution
		Debug|Any CPU = Debug|Any CPU
		Release|Any CPU = Release|Any CPU
	EndGlobalSection
	GlobalSection(ProjectConfigurationPlatforms) = postSolution
		{2C7AC4CD-FE88-4C13-AF6E-9589F2F104F3}.Debug|Any CPU.ActiveCfg = Debug|Any CPU
		{2C7AC4CD-FE88-4C13-AF6E-9589F2F104F3}.Debug|Any CPU.Build.0 = Debug|Any CPU
		{2C7AC4CD-FE88-4C13-AF6E-9589F2F104F3}.Release|Any CPU.ActiveCfg = Release|Any CPU
		{2C7AC4CD-FE88-4C13-AF6E-9589F2F104F3}.Release|Any CPU.Build.0 = Release|Any CPU
	EndGlobalSection
	GlobalSection(SolutionProperties) = preSolution
		HideSolutionNode = FALSE
	EndGlobalSection
	GlobalSection(ExtensibilityGlobals) = postSolution
		SolutionGuid = {E30F6A85-E78B-4871-B0EC-E56FE3DD161B}
	EndGlobalSection
EndGlobal
